
Microsoft Visual Studio Solution File, Format Version 12.00
# Visual Studio Version 17
VisualStudioVersion = 17.10.35013.160
MinimumVisualStudioVersion = 10.0.40219.1
Project("{FAE04EC0-301F-11D3-BF4B-00C04F79EFBC}") = "ProjetoWebApiNatan", "ProjetoWebApiNatan.csproj", "{36AADDCC-9C43-4D2C-BE62-EADC0831A612}"
EndProject
Global
	GlobalSection(SolutionConfigurationPlatforms) = preSolution
		Debug|Any CPU = Debug|Any CPU
		Release|Any CPU = Release|Any CPU
	EndGlobalSection
	GlobalSection(ProjectConfigurationPlatforms) = postSolution
		{36AADDCC-9C43-4D2C-BE62-EADC0831A612}.Debug|Any CPU.ActiveCfg = Debug|Any CPU
		{36AADDCC-9C43-4D2C-BE62-EADC0831A612}.Debug|Any CPU.Build.0 = Debug|Any CPU
		{36AADDCC-9C43-4D2C-BE62-EADC0831A612}.Release|Any CPU.ActiveCfg = Release|Any CPU
		{36AADDCC-9C43-4D2C-BE62-EADC0831A612}.Release|Any CPU.Build.0 = Release|Any CPU
	EndGlobalSection
	GlobalSection(SolutionProperties) = preSolution
		HideSolutionNode = FALSE
	EndGlobalSection
	GlobalSection(ExtensibilityGlobals) = postSolution
		SolutionGuid = {359D996F-1492-4B73-8507-995888B1AD0E}
	EndGlobalSection
EndGlobal
